
Microsoft Visual Studio Solution File, Format Version 12.00
# Visual Studio Version 16
VisualStudioVersion = 16.0.30114.105
MinimumVisualStudioVersion = 10.0.40219.1
Project("{9A19103F-16F7-4668-BE54-9A1E7A4F7556}") = "orgi", "orgi.csproj", "{513E44E5-18C3-4E52-8DC8-4F53F5631E74}"
EndProject
Project("{9A19103F-16F7-4668-BE54-9A1E7A4F7556}") = "ordiDAL", "..\ordiDAL\ordiDAL.csproj", "{6AEBEFD9-75C0-46BC-9C10-AE2B2E3AFC60}"
EndProject
Project("{00D1A9C2-B5F0-4AF3-8072-F6C62B433612}") = "Orgi-DATABASE", "..\Orgi-DATABASE\Orgi-DATABASE.sqlproj", "{1A863FA2-8BDD-4CC1-B180-2EF402A42481}"
EndProject
Global
	GlobalSection(SolutionConfigurationPlatforms) = preSolution
		Debug|Any CPU = Debug|Any CPU
		Release|Any CPU = Release|Any CPU
	EndGlobalSection
	GlobalSection(ProjectConfigurationPlatforms) = postSolution
		{513E44E5-18C3-4E52-8DC8-4F53F5631E74}.Debug|Any CPU.ActiveCfg = Debug|Any CPU
		{513E44E5-18C3-4E52-8DC8-4F53F5631E74}.Debug|Any CPU.Build.0 = Debug|Any CPU
		{513E44E5-18C3-4E52-8DC8-4F53F5631E74}.Release|Any CPU.ActiveCfg = Release|Any CPU
		{513E44E5-18C3-4E52-8DC8-4F53F5631E74}.Release|Any CPU.Build.0 = Release|Any CPU
		{6AEBEFD9-75C0-46BC-9C10-AE2B2E3AFC60}.Debug|Any CPU.ActiveCfg = Debug|Any CPU
		{6AEBEFD9-75C0-46BC-9C10-AE2B2E3AFC60}.Debug|Any CPU.Build.0 = Debug|Any CPU
		{6AEBEFD9-75C0-46BC-9C10-AE2B2E3AFC60}.Release|Any CPU.ActiveCfg = Release|Any CPU
		{6AEBEFD9-75C0-46BC-9C10-AE2B2E3AFC60}.Release|Any CPU.Build.0 = Release|Any CPU
		{1A863FA2-8BDD-4CC1-B180-2EF402A42481}.Debug|Any CPU.ActiveCfg = Debug|Any CPU
		{1A863FA2-8BDD-4CC1-B180-2EF402A42481}.Debug|Any CPU.Build.0 = Debug|Any CPU
		{1A863FA2-8BDD-4CC1-B180-2EF402A42481}.Debug|Any CPU.Deploy.0 = Debug|Any CPU
		{1A863FA2-8BDD-4CC1-B180-2EF402A42481}.Release|Any CPU.ActiveCfg = Release|Any CPU
		{1A863FA2-8BDD-4CC1-B180-2EF402A42481}.Release|Any CPU.Build.0 = Release|Any CPU
		{1A863FA2-8BDD-4CC1-B180-2EF402A42481}.Release|Any CPU.Deploy.0 = Release|Any CPU
	EndGlobalSection
	GlobalSection(SolutionProperties) = preSolution
		HideSolutionNode = FALSE
	EndGlobalSection
	GlobalSection(ExtensibilityGlobals) = postSolution
		SolutionGuid = {3C917956-1BA5-4D96-906A-18E858233E6C}
	EndGlobalSection
EndGlobal
